
Microsoft Visual Studio Solution File, Format Version 12.00
# Visual Studio 15
VisualStudioVersion = 15.0.28307.102
MinimumVisualStudioVersion = 10.0.40219.1
Project("{FAE04EC0-301F-11D3-BF4B-00C04F79EFBC}") = "MasterForm", "MasterForm\MasterForm.csproj", "{62746DF9-7C5A-4B2F-A114-C11143ECE9D1}"
EndProject
Project("{FAE04EC0-301F-11D3-BF4B-00C04F79EFBC}") = "MasterFormApi", "MasterFormApi\MasterFormApi.csproj", "{4DE92181-2CBF-4694-9DE1-EBE4A013837F}"
EndProject
Global
	GlobalSection(SolutionConfigurationPlatforms) = preSolution
		Debug|Any CPU = Debug|Any CPU
		Release|Any CPU = Release|Any CPU
	EndGlobalSection
	GlobalSection(ProjectConfigurationPlatforms) = postSolution
		{62746DF9-7C5A-4B2F-A114-C11143ECE9D1}.Debug|Any CPU.ActiveCfg = Debug|Any CPU
		{62746DF9-7C5A-4B2F-A114-C11143ECE9D1}.Debug|Any CPU.Build.0 = Debug|Any CPU
		{62746DF9-7C5A-4B2F-A114-C11143ECE9D1}.Release|Any CPU.ActiveCfg = Release|Any CPU
		{62746DF9-7C5A-4B2F-A114-C11143ECE9D1}.Release|Any CPU.Build.0 = Release|Any CPU
		{4DE92181-2CBF-4694-9DE1-EBE4A013837F}.Debug|Any CPU.ActiveCfg = Debug|Any CPU
		{4DE92181-2CBF-4694-9DE1-EBE4A013837F}.Debug|Any CPU.Build.0 = Debug|Any CPU
		{4DE92181-2CBF-4694-9DE1-EBE4A013837F}.Release|Any CPU.ActiveCfg = Release|Any CPU
		{4DE92181-2CBF-4694-9DE1-EBE4A013837F}.Release|Any CPU.Build.0 = Release|Any CPU
	EndGlobalSection
	GlobalSection(SolutionProperties) = preSolution
		HideSolutionNode = FALSE
	EndGlobalSection
	GlobalSection(ExtensibilityGlobals) = postSolution
		SolutionGuid = {E78369C2-120B-4DF7-89ED-09069E1CFFE6}
	EndGlobalSection
EndGlobal
